version = 1
requires-python = ">=3.12"

[manifest]
members = [
    "auto-catan",
    "catan-dramatiq",
    "catan-web",
]

[[package]]
name = "auto-catan"
version = "0.1.0"
source = { virtual = "." }

[[package]]
name = "catan-dramatiq"
version = "0.1.0"
source = { editable = "packages/catan-dramatiq" }

[[package]]
name = "catan-web"
version = "0.1.0"
source = { editable = "packages/catan-web" }
